
Microsoft Visual Studio Solution File, Format Version 12.00
# Visual Studio Version 16
VisualStudioVersion = 16.0.30523.141
MinimumVisualStudioVersion = 10.0.40219.1
Project("{FAE04EC0-301F-11D3-BF4B-00C04F79EFBC}") = "Nahuel_Barrutia", "Nahuel_Barrutia\Nahuel_Barrutia.csproj", "{246B7A62-D4F3-4A86-9263-ECAB12BA912C}"
EndProject
Project("{FAE04EC0-301F-11D3-BF4B-00C04F79EFBC}") = "MODELO", "MODELO\MODELO.csproj", "{AC55D22C-6A3F-425E-BD77-ED324BC7C5F1}"
EndProject
Global
	GlobalSection(SolutionConfigurationPlatforms) = preSolution
		Debug|Any CPU = Debug|Any CPU
		Release|Any CPU = Release|Any CPU
	EndGlobalSection
	GlobalSection(ProjectConfigurationPlatforms) = postSolution
		{246B7A62-D4F3-4A86-9263-ECAB12BA912C}.Debug|Any CPU.ActiveCfg = Debug|Any CPU
		{246B7A62-D4F3-4A86-9263-ECAB12BA912C}.Debug|Any CPU.Build.0 = Debug|Any CPU
		{246B7A62-D4F3-4A86-9263-ECAB12BA912C}.Release|Any CPU.ActiveCfg = Release|Any CPU
		{246B7A62-D4F3-4A86-9263-ECAB12BA912C}.Release|Any CPU.Build.0 = Release|Any CPU
		{AC55D22C-6A3F-425E-BD77-ED324BC7C5F1}.Debug|Any CPU.ActiveCfg = Debug|Any CPU
		{AC55D22C-6A3F-425E-BD77-ED324BC7C5F1}.Debug|Any CPU.Build.0 = Debug|Any CPU
		{AC55D22C-6A3F-425E-BD77-ED324BC7C5F1}.Release|Any CPU.ActiveCfg = Release|Any CPU
		{AC55D22C-6A3F-425E-BD77-ED324BC7C5F1}.Release|Any CPU.Build.0 = Release|Any CPU
	EndGlobalSection
	GlobalSection(SolutionProperties) = preSolution
		HideSolutionNode = FALSE
	EndGlobalSection
	GlobalSection(ExtensibilityGlobals) = postSolution
		SolutionGuid = {AA625AB4-B8E9-4A8B-852C-AE424AACEC58}
	EndGlobalSection
EndGlobal
